{"filter":false,"title":"Gemfile.lock","tooltip":"/Cakes/Gemfile.lock","undoManager":{"mark":0,"position":0,"stack":[[{"start":{"row":12,"column":19},"end":{"row":12,"column":24},"action":"remove","lines":["0.7.2"],"id":2,"ignore":true},{"start":{"row":12,"column":19},"end":{"row":12,"column":22},"action":"insert","lines":["2.4"]},{"start":{"row":13,"column":22},"end":{"row":13,"column":27},"action":"remove","lines":["0.7.2"]},{"start":{"row":13,"column":22},"end":{"row":13,"column":25},"action":"insert","lines":["2.4"]},{"start":{"row":14,"column":13},"end":{"row":14,"column":24},"action":"remove","lines":[">= 1.2, < 3"]},{"start":{"row":14,"column":13},"end":{"row":14,"column":17},"action":"insert","lines":["~> 2"]},{"start":{"row":15,"column":24},"end":{"row":15,"column":25},"action":"remove","lines":["~"]},{"start":{"row":15,"column":25},"end":{"row":15,"column":26},"action":"insert","lines":["="]},{"start":{"row":16,"column":20},"end":{"row":16,"column":25},"action":"remove","lines":["0.7.2"]},{"start":{"row":16,"column":20},"end":{"row":16,"column":23},"action":"insert","lines":["2.4"]},{"start":{"row":17,"column":22},"end":{"row":17,"column":27},"action":"remove","lines":["0.7.2"]},{"start":{"row":17,"column":22},"end":{"row":17,"column":25},"action":"insert","lines":["2.4"]},{"start":{"row":18,"column":22},"end":{"row":18,"column":27},"action":"remove","lines":["0.7.2"]},{"start":{"row":18,"column":22},"end":{"row":18,"column":25},"action":"insert","lines":["2.4"]},{"start":{"row":19,"column":21},"end":{"row":19,"column":26},"action":"remove","lines":["0.7.2"]},{"start":{"row":19,"column":21},"end":{"row":19,"column":24},"action":"insert","lines":["2.4"]},{"start":{"row":22,"column":18},"end":{"row":22,"column":23},"action":"remove","lines":["0.7.2"]},{"start":{"row":22,"column":18},"end":{"row":22,"column":21},"action":"insert","lines":["2.4"]},{"start":{"row":23,"column":22},"end":{"row":23,"column":27},"action":"remove","lines":["0.7.2"]},{"start":{"row":23,"column":22},"end":{"row":23,"column":25},"action":"insert","lines":["2.4"]},{"start":{"row":24,"column":25},"end":{"row":24,"column":30},"action":"remove","lines":["0.7.2"]},{"start":{"row":24,"column":25},"end":{"row":24,"column":28},"action":"insert","lines":["2.4"]},{"start":{"row":26,"column":17},"end":{"row":26,"column":18},"action":"remove","lines":["~"]},{"start":{"row":26,"column":18},"end":{"row":26,"column":19},"action":"insert","lines":["="]},{"start":{"row":29,"column":18},"end":{"row":29,"column":23},"action":"remove","lines":["0.7.2"]},{"start":{"row":29,"column":18},"end":{"row":29,"column":21},"action":"insert","lines":["2.4"]},{"start":{"row":30,"column":25},"end":{"row":30,"column":30},"action":"remove","lines":["0.7.2"]},{"start":{"row":30,"column":25},"end":{"row":30,"column":28},"action":"insert","lines":["2.4"]},{"start":{"row":32,"column":11},"end":{"row":32,"column":12},"action":"remove","lines":["s"]},{"start":{"row":32,"column":16},"end":{"row":32,"column":21},"action":"remove","lines":["2.7.0"]},{"start":{"row":32,"column":16},"end":{"row":32,"column":19},"action":"insert","lines":["1.4"]},{"start":{"row":35,"column":17},"end":{"row":35,"column":22},"action":"remove","lines":["0.7.2"]},{"start":{"row":35,"column":17},"end":{"row":35,"column":20},"action":"insert","lines":["2.4"]},{"start":{"row":36,"column":25},"end":{"row":36,"column":30},"action":"remove","lines":["0.7.2"]},{"start":{"row":36,"column":25},"end":{"row":36,"column":28},"action":"insert","lines":["2.4"]},{"start":{"row":38,"column":19},"end":{"row":38,"column":24},"action":"remove","lines":["0.7.2"]},{"start":{"row":38,"column":19},"end":{"row":38,"column":22},"action":"insert","lines":["2.4"]},{"start":{"row":39,"column":25},"end":{"row":39,"column":30},"action":"remove","lines":["0.7.2"]},{"start":{"row":39,"column":25},"end":{"row":39,"column":28},"action":"insert","lines":["2.4"]},{"start":{"row":40,"column":20},"end":{"row":40,"column":25},"action":"remove","lines":["0.7.2"]},{"start":{"row":40,"column":20},"end":{"row":40,"column":23},"action":"insert","lines":["2.4"]},{"start":{"row":41,"column":23},"end":{"row":41,"column":28},"action":"remove","lines":["0.7.2"]},{"start":{"row":41,"column":23},"end":{"row":41,"column":26},"action":"insert","lines":["2.4"]},{"start":{"row":42,"column":25},"end":{"row":42,"column":30},"action":"remove","lines":["0.7.2"]},{"start":{"row":42,"column":25},"end":{"row":46,"column":27},"action":"insert","lines":["2.4)","      arel (>= 9.0)","    activestorage (5.2.4)","      actionpack (= 5.2.4)","      activerecord (= 5.2.4"]},{"start":{"row":47,"column":6},"end":{"row":47,"column":7},"action":"insert","lines":["m"]},{"start":{"row":47,"column":9},"end":{"row":47,"column":10},"action":"insert","lines":["c"]},{"start":{"row":47,"column":17},"end":{"row":47,"column":20},"action":"remove","lines":["7.0"]},{"start":{"row":47,"column":17},"end":{"row":47,"column":22},"action":"insert","lines":["0.3.1"]},{"start":{"row":48,"column":21},"end":{"row":48,"column":26},"action":"remove","lines":["0.7.2"]},{"start":{"row":48,"column":21},"end":{"row":48,"column":24},"action":"insert","lines":["2.4"]},{"start":{"row":53,"column":10},"end":{"row":53,"column":15},"action":"remove","lines":["7.1.4"]},{"start":{"row":53,"column":10},"end":{"row":53,"column":15},"action":"insert","lines":["9.0.0"]},{"start":{"row":68,"column":9},"end":{"row":68,"column":10},"action":"remove","lines":["s"]},{"start":{"row":68,"column":11},"end":{"row":68,"column":14},"action":"remove","lines":["2.7"]},{"start":{"row":68,"column":11},"end":{"row":68,"column":15},"action":"insert","lines":["1.10"]},{"start":{"row":92,"column":0},"end":{"row":94,"column":0},"action":"insert","lines":["    marcel (0.3.3)","      mimemagic (~> 0.3.2)",""]},{"start":{"row":98,"column":0},"end":{"row":99,"column":0},"action":"insert","lines":["    mimemagic (0.3.5)",""]},{"start":{"row":113,"column":15},"end":{"row":113,"column":20},"action":"remove","lines":["0.6.3"]},{"start":{"row":113,"column":15},"end":{"row":113,"column":20},"action":"insert","lines":["1.1.0"]},{"start":{"row":114,"column":18},"end":{"row":114,"column":23},"action":"insert","lines":[", < 3"]},{"start":{"row":115,"column":13},"end":{"row":115,"column":18},"action":"remove","lines":["0.7.2"]},{"start":{"row":115,"column":13},"end":{"row":115,"column":16},"action":"insert","lines":["2.4"]},{"start":{"row":116,"column":23},"end":{"row":116,"column":28},"action":"remove","lines":["0.7.2"]},{"start":{"row":116,"column":23},"end":{"row":116,"column":26},"action":"insert","lines":["2.4"]},{"start":{"row":117,"column":24},"end":{"row":117,"column":29},"action":"remove","lines":["0.7.2"]},{"start":{"row":117,"column":24},"end":{"row":117,"column":27},"action":"insert","lines":["2.4"]},{"start":{"row":118,"column":22},"end":{"row":118,"column":27},"action":"remove","lines":["0.7.2"]},{"start":{"row":118,"column":22},"end":{"row":118,"column":25},"action":"insert","lines":["2.4"]},{"start":{"row":119,"column":22},"end":{"row":119,"column":27},"action":"remove","lines":["0.7.2"]},{"start":{"row":119,"column":22},"end":{"row":119,"column":25},"action":"insert","lines":["2.4"]},{"start":{"row":120,"column":21},"end":{"row":120,"column":26},"action":"remove","lines":["0.7.2"]},{"start":{"row":120,"column":21},"end":{"row":120,"column":24},"action":"insert","lines":["2.4"]},{"start":{"row":121,"column":23},"end":{"row":121,"column":28},"action":"remove","lines":["0.7.2"]},{"start":{"row":121,"column":23},"end":{"row":121,"column":26},"action":"insert","lines":["2.4"]},{"start":{"row":122,"column":24},"end":{"row":122,"column":29},"action":"remove","lines":["0.7.2"]},{"start":{"row":122,"column":24},"end":{"row":123,"column":28},"action":"insert","lines":["2.4)","      activestorage (= 5.2.4"]},{"start":{"row":124,"column":25},"end":{"row":124,"column":30},"action":"remove","lines":["0.7.2"]},{"start":{"row":124,"column":25},"end":{"row":124,"column":28},"action":"insert","lines":["2.4"]},{"start":{"row":126,"column":20},"end":{"row":126,"column":25},"action":"remove","lines":["0.7.2"]},{"start":{"row":126,"column":20},"end":{"row":126,"column":23},"action":"insert","lines":["2.4"]},{"start":{"row":133,"column":16},"end":{"row":133,"column":21},"action":"remove","lines":["0.7.2"]},{"start":{"row":133,"column":16},"end":{"row":133,"column":19},"action":"insert","lines":["2.4"]},{"start":{"row":134,"column":22},"end":{"row":134,"column":27},"action":"remove","lines":["0.7.2"]},{"start":{"row":134,"column":22},"end":{"row":134,"column":25},"action":"insert","lines":["2.4"]},{"start":{"row":135,"column":25},"end":{"row":135,"column":30},"action":"remove","lines":["0.7.2"]},{"start":{"row":135,"column":25},"end":{"row":135,"column":28},"action":"insert","lines":["2.4"]},{"start":{"row":138,"column":18},"end":{"row":138,"column":21},"action":"remove","lines":["8.1"]},{"start":{"row":138,"column":18},"end":{"row":138,"column":21},"action":"insert","lines":["9.0"]},{"start":{"row":157,"column":18},"end":{"row":157,"column":21},"action":"remove","lines":["0.7"]},{"start":{"row":157,"column":18},"end":{"row":157,"column":21},"action":"insert","lines":["1.0"]},{"start":{"row":158,"column":19},"end":{"row":158,"column":29},"action":"remove","lines":["4.0.0, < 6"]},{"start":{"row":158,"column":19},"end":{"row":158,"column":24},"action":"insert","lines":["5.2.0"]},{"start":{"row":198,"column":24},"end":{"row":198,"column":27},"action":"remove","lines":["6.5"]},{"start":{"row":198,"column":24},"end":{"row":198,"column":27},"action":"insert","lines":["7.3"]},{"start":{"row":212,"column":9},"end":{"row":212,"column":29},"action":"remove","lines":["~> 5.0.7, >= 5.0.7.2"]},{"start":{"row":212,"column":9},"end":{"row":212,"column":16},"action":"insert","lines":["= 5.2.4"]}]]},"ace":{"folds":[],"scrolltop":0,"scrollleft":0,"selection":{"start":{"row":0,"column":0},"end":{"row":0,"column":0},"isBackwards":false},"options":{"guessTabSize":true,"useWrapMode":false,"wrapToView":true},"firstLineState":0},"timestamp":1608267190628,"hash":"721e808bf75926133b82aad47d32b8ccfdef346a"}